{
    "_meta": {
        "hash": {
            "sha256": "1875328eed7b5e2c77fa9516b9f4e2ecbc8fec366e990878add647a241c7822a"
        },
        "host-environment-markers": {
            "implementation_name": "cpython",
            "implementation_version": "3.6.6",
            "os_name": "posix",
            "platform_machine": "x86_64",
            "platform_python_implementation": "CPython",
            "platform_release": "4.4.0-142-generic",
            "platform_system": "Linux",
            "platform_version": "#168-Ubuntu SMP Wed Jan 16 21:00:45 UTC 2019",
            "python_full_version": "3.6.6",
            "python_version": "3.6",
            "sys_platform": "linux"
        },
        "pipfile-spec": 6,
        "requires": {
            "python_version": "3.6"
        },
        "sources": [
            {
                "name": "pypi",
                "url": "https://pypi.org/simple",
                "verify_ssl": true
            }
        ]
    },
    "default": {
        "boto3": {
            "hashes": [],
            "version": "==1.9.104"
        },
        "botocore": {
            "hashes": [],
            "version": "==1.12.104"
        },
        "certifi": {
            "hashes": [],
            "version": "==2018.11.29"
        },
        "chardet": {
            "hashes": [],
            "version": "==3.0.4"
        },
        "docutils": {
            "hashes": [],
            "version": "==0.14"
        },
        "idna": {
            "hashes": [],
            "version": "==2.8"
        },
        "jmespath": {
            "hashes": [],
            "version": "==0.9.4"
        },
        "python-dateutil": {
            "hashes": [],
            "markers": "python_version >= '2.7'",
            "version": "==2.8.0"
        },
        "requests": {
            "hashes": [],
            "version": "==2.21.0"
        },
        "s3transfer": {
            "hashes": [],
            "version": "==0.2.0"
        },
        "six": {
            "hashes": [],
            "version": "==1.12.0"
        },
        "urllib3": {
            "hashes": [],
            "version": "==1.24.1"
        }
    },
    "develop": {
        "backcall": {
            "hashes": [],
            "version": "==0.1.0"
        },
        "decorator": {
            "hashes": [],
            "version": "==4.3.2"
        },
        "ipython": {
            "hashes": [],
            "version": "==7.3.0"
        },
        "ipython-genutils": {
            "hashes": [],
            "version": "==0.2.0"
        },
        "jedi": {
            "hashes": [],
            "version": "==0.13.3"
        },
        "parso": {
            "hashes": [],
            "version": "==0.3.4"
        },
        "pexpect": {
            "hashes": [],
            "markers": "sys_platform != 'win32'",
            "version": "==4.6.0"
        },
        "pickleshare": {
            "hashes": [],
            "version": "==0.7.5"
        },
        "prompt-toolkit": {
            "hashes": [],
            "version": "==2.0.9"
        },
        "ptyprocess": {
            "hashes": [],
            "version": "==0.6.0"
        },
        "pygments": {
            "hashes": [],
            "version": "==2.3.1"
        },
        "six": {
            "hashes": [],
            "version": "==1.12.0"
        },
        "traitlets": {
            "hashes": [],
            "version": "==4.3.2"
        },
        "wcwidth": {
            "hashes": [],
            "version": "==0.1.7"
        }
    }
}
